// !$*UTF8*$!
{
	archiveVersion = 1;
	classes = {
	};
	objectVersion = 46;
	objects = {

/* Begin PBXBuildFile section */
		609C7D2515D2016400E70C67 /* UIKit.framework in Frameworks */ = {isa = PBXBuildFile; fileRef = 609C7D2415D2016400E70C67 /* UIKit.framework */; };
		609C7D2715D2016400E70C67 /* Foundation.framework in Frameworks */ = {isa = PBXBuildFile; fileRef = 609C7D2615D2016400E70C67 /* Foundation.framework */; };
		609C7D2915D2016400E70C67 /* CoreGraphics.framework in Frameworks */ = {isa = PBXBuildFile; fileRef = 609C7D2815D2016400E70C67 /* CoreGraphics.framework */; };
		609C7D2F15D2016400E70C67 /* InfoPlist.strings in Resources */ = {isa = PBXBuildFile; fileRef = 609C7D2D15D2016400E70C67 /* InfoPlist.strings */; };
		609C7D3115D2016400E70C67 /* main.m in Sources */ = {isa = PBXBuildFile; fileRef = 609C7D3015D2016400E70C67 /* main.m */; };
		609C7D3515D2016400E70C67 /* JSONAppDelegate.m in Sources */ = {isa = PBXBuildFile; fileRef = 609C7D3415D2016400E70C67 /* JSONAppDelegate.m */; };
		609C7D3815D2016400E70C67 /* JSONViewController.m in Sources */ = {isa = PBXBuildFile; fileRef = 609C7D3715D2016400E70C67 /* JSONViewController.m */; };
		609C7D3B15D2016400E70C67 /* JSONViewController.xib in Resources */ = {isa = PBXBuildFile; fileRef = 609C7D3915D2016400E70C67 /* JSONViewController.xib */; };
		609C7D5A15D2025600E70C67 /* CDataScanner.m in Sources */ = {isa = PBXBuildFile; fileRef = 609C7D4315D2025600E70C67 /* CDataScanner.m */; };
		609C7D5B15D2025600E70C67 /* CFilteringJSONSerializer.m in Sources */ = {isa = PBXBuildFile; fileRef = 609C7D4615D2025600E70C67 /* CFilteringJSONSerializer.m */; };
		609C7D5C15D2025600E70C67 /* CJSONDeserializer_BlocksExtensions.m in Sources */ = {isa = PBXBuildFile; fileRef = 609C7D4815D2025600E70C67 /* CJSONDeserializer_BlocksExtensions.m */; };
		609C7D5D15D2025600E70C67 /* CJSONSerialization.m in Sources */ = {isa = PBXBuildFile; fileRef = 609C7D4A15D2025600E70C67 /* CJSONSerialization.m */; };
		609C7D5E15D2025600E70C67 /* CJSONSerializedData.m in Sources */ = {isa = PBXBuildFile; fileRef = 609C7D4C15D2025600E70C67 /* CJSONSerializedData.m */; };
		609C7D5F15D2025600E70C67 /* CDataScanner_Extensions.m in Sources */ = {isa = PBXBuildFile; fileRef = 609C7D4F15D2025600E70C67 /* CDataScanner_Extensions.m */; };
		609C7D6015D2025600E70C67 /* NSDictionary_JSONExtensions.m in Sources */ = {isa = PBXBuildFile; fileRef = 609C7D5115D2025600E70C67 /* NSDictionary_JSONExtensions.m */; };
		609C7D6115D2025600E70C67 /* CJSONDeserializer.m in Sources */ = {isa = PBXBuildFile; fileRef = 609C7D5415D2025600E70C67 /* CJSONDeserializer.m */; };
		609C7D6215D2025600E70C67 /* CJSONScanner.m in Sources */ = {isa = PBXBuildFile; fileRef = 609C7D5615D2025600E70C67 /* CJSONScanner.m */; };
		609C7D6315D2025600E70C67 /* CJSONSerializer.m in Sources */ = {isa = PBXBuildFile; fileRef = 609C7D5815D2025600E70C67 /* CJSONSerializer.m */; };
		609C7DA415D202B500E70C67 /* NSObject+SBJson.m in Sources */ = {isa = PBXBuildFile; fileRef = 609C7D8C15D202B500E70C67 /* NSObject+SBJson.m */; };
		609C7DA515D202B500E70C67 /* SBJsonParser.m in Sources */ = {isa = PBXBuildFile; fileRef = 609C7D8F15D202B500E70C67 /* SBJsonParser.m */; };
		609C7DA615D202B500E70C67 /* SBJsonStreamParser.m in Sources */ = {isa = PBXBuildFile; fileRef = 609C7D9115D202B500E70C67 /* SBJsonStreamParser.m */; };
		609C7DA715D202B500E70C67 /* SBJsonStreamParserAccumulator.m in Sources */ = {isa = PBXBuildFile; fileRef = 609C7D9315D202B500E70C67 /* SBJsonStreamParserAccumulator.m */; };
		609C7DA815D202B500E70C67 /* SBJsonStreamParserAdapter.m in Sources */ = {isa = PBXBuildFile; fileRef = 609C7D9515D202B500E70C67 /* SBJsonStreamParserAdapter.m */; };
		609C7DA915D202B500E70C67 /* SBJsonStreamParserState.m in Sources */ = {isa = PBXBuildFile; fileRef = 609C7D9715D202B500E70C67 /* SBJsonStreamParserState.m */; };
		609C7DAA15D202B500E70C67 /* SBJsonStreamWriter.m in Sources */ = {isa = PBXBuildFile; fileRef = 609C7D9915D202B500E70C67 /* SBJsonStreamWriter.m */; };
		609C7DAB15D202B500E70C67 /* SBJsonStreamWriterAccumulator.m in Sources */ = {isa = PBXBuildFile; fileRef = 609C7D9B15D202B500E70C67 /* SBJsonStreamWriterAccumulator.m */; };
		609C7DAC15D202B500E70C67 /* SBJsonStreamWriterState.m in Sources */ = {isa = PBXBuildFile; fileRef = 609C7D9D15D202B500E70C67 /* SBJsonStreamWriterState.m */; };
		609C7DAD15D202B500E70C67 /* SBJsonTokeniser.m in Sources */ = {isa = PBXBuildFile; fileRef = 609C7D9F15D202B500E70C67 /* SBJsonTokeniser.m */; };
		609C7DAE15D202B500E70C67 /* SBJsonUTF8Stream.m in Sources */ = {isa = PBXBuildFile; fileRef = 609C7DA115D202B500E70C67 /* SBJsonUTF8Stream.m */; };
		609C7DAF15D202B500E70C67 /* SBJsonWriter.m in Sources */ = {isa = PBXBuildFile; fileRef = 609C7DA315D202B500E70C67 /* SBJsonWriter.m */; };
/* End PBXBuildFile section */

/* Begin PBXFileReference section */
		609C7D2015D2016400E70C67 /* JisonThreeDemo.app */ = {isa = PBXFileReference; explicitFileType = wrapper.application; includeInIndex = 0; path = JisonThreeDemo.app; sourceTree = BUILT_PRODUCTS_DIR; };
		609C7D2415D2016400E70C67 /* UIKit.framework */ = {isa = PBXFileReference; lastKnownFileType = wrapper.framework; name = UIKit.framework; path = System/Library/Frameworks/UIKit.framework; sourceTree = SDKROOT; };
		609C7D2615D2016400E70C67 /* Foundation.framework */ = {isa = PBXFileReference; lastKnownFileType = wrapper.framework; name = Foundation.framework; path = System/Library/Frameworks/Foundation.framework; sourceTree = SDKROOT; };
		609C7D2815D2016400E70C67 /* CoreGraphics.framework */ = {isa = PBXFileReference; lastKnownFileType = wrapper.framework; name = CoreGraphics.framework; path = System/Library/Frameworks/CoreGraphics.framework; sourceTree = SDKROOT; };
		609C7D2C15D2016400E70C67 /* JisonThreeDemo-Info.plist */ = {isa = PBXFileReference; lastKnownFileType = text.plist.xml; path = "JisonThreeDemo-Info.plist"; sourceTree = "<group>"; };
		609C7D2E15D2016400E70C67 /* en */ = {isa = PBXFileReference; lastKnownFileType = text.plist.strings; name = en; path = en.lproj/InfoPlist.strings; sourceTree = "<group>"; };
		609C7D3015D2016400E70C67 /* main.m */ = {isa = PBXFileReference; lastKnownFileType = sourcecode.c.objc; path = main.m; sourceTree = "<group>"; };
		609C7D3215D2016400E70C67 /* JisonThreeDemo-Prefix.pch */ = {isa = PBXFileReference; lastKnownFileType = sourcecode.c.h; path = "JisonThreeDemo-Prefix.pch"; sourceTree = "<group>"; };
		609C7D3315D2016400E70C67 /* JSONAppDelegate.h */ = {isa = PBXFileReference; lastKnownFileType = sourcecode.c.h; path = JSONAppDelegate.h; sourceTree = "<group>"; };
		609C7D3415D2016400E70C67 /* JSONAppDelegate.m */ = {isa = PBXFileReference; lastKnownFileType = sourcecode.c.objc; path = JSONAppDelegate.m; sourceTree = "<group>"; };
		609C7D3615D2016400E70C67 /* JSONViewController.h */ = {isa = PBXFileReference; lastKnownFileType = sourcecode.c.h; path = JSONViewController.h; sourceTree = "<group>"; };
		609C7D3715D2016400E70C67 /* JSONViewController.m */ = {isa = PBXFileReference; lastKnownFileType = sourcecode.c.objc; path = JSONViewController.m; sourceTree = "<group>"; };
		609C7D3A15D2016400E70C67 /* en */ = {isa = PBXFileReference; lastKnownFileType = file.xib; name = en; path = en.lproj/JSONViewController.xib; sourceTree = "<group>"; };
		609C7D4215D2025600E70C67 /* CDataScanner.h */ = {isa = PBXFileReference; fileEncoding = 4; lastKnownFileType = sourcecode.c.h; path = CDataScanner.h; sourceTree = "<group>"; };
		609C7D4315D2025600E70C67 /* CDataScanner.m */ = {isa = PBXFileReference; fileEncoding = 4; lastKnownFileType = sourcecode.c.objc; path = CDataScanner.m; sourceTree = "<group>"; };
		609C7D4515D2025600E70C67 /* CFilteringJSONSerializer.h */ = {isa = PBXFileReference; fileEncoding = 4; lastKnownFileType = sourcecode.c.h; path = CFilteringJSONSerializer.h; sourceTree = "<group>"; };
		609C7D4615D2025600E70C67 /* CFilteringJSONSerializer.m */ = {isa = PBXFileReference; fileEncoding = 4; lastKnownFileType = sourcecode.c.objc; path = CFilteringJSONSerializer.m; sourceTree = "<group>"; };
		609C7D4715D2025600E70C67 /* CJSONDeserializer_BlocksExtensions.h */ = {isa = PBXFileReference; fileEncoding = 4; lastKnownFileType = sourcecode.c.h; path = CJSONDeserializer_BlocksExtensions.h; sourceTree = "<group>"; };
		609C7D4815D2025600E70C67 /* CJSONDeserializer_BlocksExtensions.m */ = {isa = PBXFileReference; fileEncoding = 4; lastKnownFileType = sourcecode.c.objc; path = CJSONDeserializer_BlocksExtensions.m; sourceTree = "<group>"; };
		609C7D4915D2025600E70C67 /* CJSONSerialization.h */ = {isa = PBXFileReference; fileEncoding = 4; lastKnownFileType = sourcecode.c.h; path = CJSONSerialization.h; sourceTree = "<group>"; };
		609C7D4A15D2025600E70C67 /* CJSONSerialization.m */ = {isa = PBXFileReference; fileEncoding = 4; lastKnownFileType = sourcecode.c.objc; path = CJSONSerialization.m; sourceTree = "<group>"; };
		609C7D4B15D2025600E70C67 /* CJSONSerializedData.h */ = {isa = PBXFileReference; fileEncoding = 4; lastKnownFileType = sourcecode.c.h; path = CJSONSerializedData.h; sourceTree = "<group>"; };
		609C7D4C15D2025600E70C67 /* CJSONSerializedData.m */ = {isa = PBXFileReference; fileEncoding = 4; lastKnownFileType = sourcecode.c.objc; path = CJSONSerializedData.m; sourceTree = "<group>"; };
		609C7D4E15D2025600E70C67 /* CDataScanner_Extensions.h */ = {isa = PBXFileReference; fileEncoding = 4; lastKnownFileType = sourcecode.c.h; path = CDataScanner_Extensions.h; sourceTree = "<group>"; };
		609C7D4F15D2025600E70C67 /* CDataScanner_Extensions.m */ = {isa = PBXFileReference; fileEncoding = 4; lastKnownFileType = sourcecode.c.objc; path = CDataScanner_Extensions.m; sourceTree = "<group>"; };
		609C7D5015D2025600E70C67 /* NSDictionary_JSONExtensions.h */ = {isa = PBXFileReference; fileEncoding = 4; lastKnownFileType = sourcecode.c.h; path = NSDictionary_JSONExtensions.h; sourceTree = "<group>"; };
		609C7D5115D2025600E70C67 /* NSDictionary_JSONExtensions.m */ = {isa = PBXFileReference; fileEncoding = 4; lastKnownFileType = sourcecode.c.objc; path = NSDictionary_JSONExtensions.m; sourceTree = "<group>"; };
		609C7D5315D2025600E70C67 /* CJSONDeserializer.h */ = {isa = PBXFileReference; fileEncoding = 4; lastKnownFileType = sourcecode.c.h; path = CJSONDeserializer.h; sourceTree = "<group>"; };
		609C7D5415D2025600E70C67 /* CJSONDeserializer.m */ = {isa = PBXFileReference; fileEncoding = 4; lastKnownFileType = sourcecode.c.objc; path = CJSONDeserializer.m; sourceTree = "<group>"; };
		609C7D5515D2025600E70C67 /* CJSONScanner.h */ = {isa = PBXFileReference; fileEncoding = 4; lastKnownFileType = sourcecode.c.h; path = CJSONScanner.h; sourceTree = "<group>"; };
		609C7D5615D2025600E70C67 /* CJSONScanner.m */ = {isa = PBXFileReference; fileEncoding = 4; lastKnownFileType = sourcecode.c.objc; path = CJSONScanner.m; sourceTree = "<group>"; };
		609C7D5715D2025600E70C67 /* CJSONSerializer.h */ = {isa = PBXFileReference; fileEncoding = 4; lastKnownFileType = sourcecode.c.h; path = CJSONSerializer.h; sourceTree = "<group>"; };
		609C7D5815D2025600E70C67 /* CJSONSerializer.m */ = {isa = PBXFileReference; fileEncoding = 4; lastKnownFileType = sourcecode.c.objc; path = CJSONSerializer.m; sourceTree = "<group>"; };
		609C7D5915D2025600E70C67 /* JSONRepresentation.h */ = {isa = PBXFileReference; fileEncoding = 4; lastKnownFileType = sourcecode.c.h; path = JSONRepresentation.h; sourceTree = "<group>"; };
		609C7D8B15D202B500E70C67 /* NSObject+SBJson.h */ = {isa = PBXFileReference; fileEncoding = 4; lastKnownFileType = sourcecode.c.h; path = "NSObject+SBJson.h"; sourceTree = "<group>"; };
		609C7D8C15D202B500E70C67 /* NSObject+SBJson.m */ = {isa = PBXFileReference; fileEncoding = 4; lastKnownFileType = sourcecode.c.objc; path = "NSObject+SBJson.m"; sourceTree = "<group>"; };
		609C7D8D15D202B500E70C67 /* SBJson.h */ = {isa = PBXFileReference; fileEncoding = 4; lastKnownFileType = sourcecode.c.h; path = SBJson.h; sourceTree = "<group>"; };
		609C7D8E15D202B500E70C67 /* SBJsonParser.h */ = {isa = PBXFileReference; fileEncoding = 4; lastKnownFileType = sourcecode.c.h; path = SBJsonParser.h; sourceTree = "<group>"; };
		609C7D8F15D202B500E70C67 /* SBJsonParser.m */ = {isa = PBXFileReference; fileEncoding = 4; lastKnownFileType = sourcecode.c.objc; path = SBJsonParser.m; sourceTree = "<group>"; };
		609C7D9015D202B500E70C67 /* SBJsonStreamParser.h */ = {isa = PBXFileReference; fileEncoding = 4; lastKnownFileType = sourcecode.c.h; path = SBJsonStreamParser.h; sourceTree = "<group>"; };
		609C7D9115D202B500E70C67 /* SBJsonStreamParser.m */ = {isa = PBXFileReference; fileEncoding = 4; lastKnownFileType = sourcecode.c.objc; path = SBJsonStreamParser.m; sourceTree = "<group>"; };
		609C7D9215D202B500E70C67 /* SBJsonStreamParserAccumulator.h */ = {isa = PBXFileReference; fileEncoding = 4; lastKnownFileType = sourcecode.c.h; path = SBJsonStreamParserAccumulator.h; sourceTree = "<group>"; };
		609C7D9315D202B500E70C67 /* SBJsonStreamParserAccumulator.m */ = {isa = PBXFileReference; fileEncoding = 4; lastKnownFileType = sourcecode.c.objc; path = SBJsonStreamParserAccumulator.m; sourceTree = "<group>"; };
		609C7D9415D202B500E70C67 /* SBJsonStreamParserAdapter.h */ = {isa = PBXFileReference; fileEncoding = 4; lastKnownFileType = sourcecode.c.h; path = SBJsonStreamParserAdapter.h; sourceTree = "<group>"; };
		609C7D9515D202B500E70C67 /* SBJsonStreamParserAdapter.m */ = {isa = PBXFileReference; fileEncoding = 4; lastKnownFileType = sourcecode.c.objc; path = SBJsonStreamParserAdapter.m; sourceTree = "<group>"; };
		609C7D9615D202B500E70C67 /* SBJsonStreamParserState.h */ = {isa = PBXFileReference; fileEncoding = 4; lastKnownFileType = sourcecode.c.h; path = SBJsonStreamParserState.h; sourceTree = "<group>"; };
		609C7D9715D202B500E70C67 /* SBJsonStreamParserState.m */ = {isa = PBXFileReference; fileEncoding = 4; lastKnownFileType = sourcecode.c.objc; path = SBJsonStreamParserState.m; sourceTree = "<group>"; };
		609C7D9815D202B500E70C67 /* SBJsonStreamWriter.h */ = {isa = PBXFileReference; fileEncoding = 4; lastKnownFileType = sourcecode.c.h; path = SBJsonStreamWriter.h; sourceTree = "<group>"; };
		609C7D9915D202B500E70C67 /* SBJsonStreamWriter.m */ = {isa = PBXFileReference; fileEncoding = 4; lastKnownFileType = sourcecode.c.objc; path = SBJsonStreamWriter.m; sourceTree = "<group>"; };
		609C7D9A15D202B500E70C67 /* SBJsonStreamWriterAccumulator.h */ = {isa = PBXFileReference; fileEncoding = 4; lastKnownFileType = sourcecode.c.h; path = SBJsonStreamWriterAccumulator.h; sourceTree = "<group>"; };
		609C7D9B15D202B500E70C67 /* SBJsonStreamWriterAccumulator.m */ = {isa = PBXFileReference; fileEncoding = 4; lastKnownFileType = sourcecode.c.objc; path = SBJsonStreamWriterAccumulator.m; sourceTree = "<group>"; };
		609C7D9C15D202B500E70C67 /* SBJsonStreamWriterState.h */ = {isa = PBXFileReference; fileEncoding = 4; lastKnownFileType = sourcecode.c.h; path = SBJsonStreamWriterState.h; sourceTree = "<group>"; };
		609C7D9D15D202B500E70C67 /* SBJsonStreamWriterState.m */ = {isa = PBXFileReference; fileEncoding = 4; lastKnownFileType = sourcecode.c.objc; path = SBJsonStreamWriterState.m; sourceTree = "<group>"; };
		609C7D9E15D202B500E70C67 /* SBJsonTokeniser.h */ = {isa = PBXFileReference; fileEncoding = 4; lastKnownFileType = sourcecode.c.h; path = SBJsonTokeniser.h; sourceTree = "<group>"; };
		609C7D9F15D202B500E70C67 /* SBJsonTokeniser.m */ = {isa = PBXFileReference; fileEncoding = 4; lastKnownFileType = sourcecode.c.objc; path = SBJsonTokeniser.m; sourceTree = "<group>"; };
		609C7DA015D202B500E70C67 /* SBJsonUTF8Stream.h */ = {isa = PBXFileReference; fileEncoding = 4; lastKnownFileType = sourcecode.c.h; path = SBJsonUTF8Stream.h; sourceTree = "<group>"; };
		609C7DA115D202B500E70C67 /* SBJsonUTF8Stream.m */ = {isa = PBXFileReference; fileEncoding = 4; lastKnownFileType = sourcecode.c.objc; path = SBJsonUTF8Stream.m; sourceTree = "<group>"; };
		609C7DA215D202B500E70C67 /* SBJsonWriter.h */ = {isa = PBXFileReference; fileEncoding = 4; lastKnownFileType = sourcecode.c.h; path = SBJsonWriter.h; sourceTree = "<group>"; };
		609C7DA315D202B500E70C67 /* SBJsonWriter.m */ = {isa = PBXFileReference; fileEncoding = 4; lastKnownFileType = sourcecode.c.objc; path = SBJsonWriter.m; sourceTree = "<group>"; };
/* End PBXFileReference section */

/* Begin PBXFrameworksBuildPhase section */
		609C7D1D15D2016400E70C67 /* Frameworks */ = {
			isa = PBXFrameworksBuildPhase;
			buildActionMask = 2147483647;
			files = (
				609C7D2515D2016400E70C67 /* UIKit.framework in Frameworks */,
				609C7D2715D2016400E70C67 /* Foundation.framework in Frameworks */,
				609C7D2915D2016400E70C67 /* CoreGraphics.framework in Frameworks */,
			);
			runOnlyForDeploymentPostprocessing = 0;
		};
/* End PBXFrameworksBuildPhase section */

/* Begin PBXGroup section */
		609C7D1515D2016400E70C67 = {
			isa = PBXGroup;
			children = (
				609C7D8A15D202B500E70C67 /* SBJson */,
				609C7D4115D2025600E70C67 /* TouchJson */,
				609C7D2A15D2016400E70C67 /* JisonThreeDemo */,
				609C7D2315D2016400E70C67 /* Frameworks */,
				609C7D2115D2016400E70C67 /* Products */,
			);
			sourceTree = "<group>";
		};
		609C7D2115D2016400E70C67 /* Products */ = {
			isa = PBXGroup;
			children = (
				609C7D2015D2016400E70C67 /* JisonThreeDemo.app */,
			);
			name = Products;
			sourceTree = "<group>";
		};
		609C7D2315D2016400E70C67 /* Frameworks */ = {
			isa = PBXGroup;
			children = (
				609C7D2415D2016400E70C67 /* UIKit.framework */,
				609C7D2615D2016400E70C67 /* Foundation.framework */,
				609C7D2815D2016400E70C67 /* CoreGraphics.framework */,
			);
			name = Frameworks;
			sourceTree = "<group>";
		};
		609C7D2A15D2016400E70C67 /* JisonThreeDemo */ = {
			isa = PBXGroup;
			children = (
				609C7D3315D2016400E70C67 /* JSONAppDelegate.h */,
				609C7D3415D2016400E70C67 /* JSONAppDelegate.m */,
				609C7D3615D2016400E70C67 /* JSONViewController.h */,
				609C7D3715D2016400E70C67 /* JSONViewController.m */,
				609C7D3915D2016400E70C67 /* JSONViewController.xib */,
				609C7D2B15D2016400E70C67 /* Supporting Files */,
			);
			path = JisonThreeDemo;
			sourceTree = "<group>";
		};
		609C7D2B15D2016400E70C67 /* Supporting Files */ = {
			isa = PBXGroup;
			children = (
				609C7D2C15D2016400E70C67 /* JisonThreeDemo-Info.plist */,
				609C7D2D15D2016400E70C67 /* InfoPlist.strings */,
				609C7D3015D2016400E70C67 /* main.m */,
				609C7D3215D2016400E70C67 /* JisonThreeDemo-Prefix.pch */,
			);
			name = "Supporting Files";
			sourceTree = "<group>";
		};
		609C7D4115D2025600E70C67 /* TouchJson */ = {
			isa = PBXGroup;
			children = (
				609C7D4215D2025600E70C67 /* CDataScanner.h */,
				609C7D4315D2025600E70C67 /* CDataScanner.m */,
				609C7D4415D2025600E70C67 /* Experimental */,
				609C7D4D15D2025600E70C67 /* Extensions */,
				609C7D5215D2025600E70C67 /* JSON */,
			);
			path = TouchJson;
			sourceTree = "<group>";
		};
		609C7D4415D2025600E70C67 /* Experimental */ = {
			isa = PBXGroup;
			children = (
				609C7D4515D2025600E70C67 /* CFilteringJSONSerializer.h */,
				609C7D4615D2025600E70C67 /* CFilteringJSONSerializer.m */,
				609C7D4715D2025600E70C67 /* CJSONDeserializer_BlocksExtensions.h */,
				609C7D4815D2025600E70C67 /* CJSONDeserializer_BlocksExtensions.m */,
				609C7D4915D2025600E70C67 /* CJSONSerialization.h */,
				609C7D4A15D2025600E70C67 /* CJSONSerialization.m */,
				609C7D4B15D2025600E70C67 /* CJSONSerializedData.h */,
				609C7D4C15D2025600E70C67 /* CJSONSerializedData.m */,
			);
			path = Experimental;
			sourceTree = "<group>";
		};
		609C7D4D15D2025600E70C67 /* Extensions */ = {
			isa = PBXGroup;
			children = (
				609C7D4E15D2025600E70C67 /* CDataScanner_Extensions.h */,
				609C7D4F15D2025600E70C67 /* CDataScanner_Extensions.m */,
				609C7D5015D2025600E70C67 /* NSDictionary_JSONExtensions.h */,
				609C7D5115D2025600E70C67 /* NSDictionary_JSONExtensions.m */,
			);
			path = Extensions;
			sourceTree = "<group>";
		};
		609C7D5215D2025600E70C67 /* JSON */ = {
			isa = PBXGroup;
			children = (
				609C7D5315D2025600E70C67 /* CJSONDeserializer.h */,
				609C7D5415D2025600E70C67 /* CJSONDeserializer.m */,
				609C7D5515D2025600E70C67 /* CJSONScanner.h */,
				609C7D5615D2025600E70C67 /* CJSONScanner.m */,
				609C7D5715D2025600E70C67 /* CJSONSerializer.h */,
				609C7D5815D2025600E70C67 /* CJSONSerializer.m */,
				609C7D5915D2025600E70C67 /* JSONRepresentation.h */,
			);
			path = JSON;
			sourceTree = "<group>";
		};
		609C7D8A15D202B500E70C67 /* SBJson */ = {
			isa = PBXGroup;
			children = (
				609C7D8B15D202B500E70C67 /* NSObject+SBJson.h */,
				609C7D8C15D202B500E70C67 /* NSObject+SBJson.m */,
				609C7D8D15D202B500E70C67 /* SBJson.h */,
				609C7D8E15D202B500E70C67 /* SBJsonParser.h */,
				609C7D8F15D202B500E70C67 /* SBJsonParser.m */,
				609C7D9015D202B500E70C67 /* SBJsonStreamParser.h */,
				609C7D9115D202B500E70C67 /* SBJsonStreamParser.m */,
				609C7D9215D202B500E70C67 /* SBJsonStreamParserAccumulator.h */,
				609C7D9315D202B500E70C67 /* SBJsonStreamParserAccumulator.m */,
				609C7D9415D202B500E70C67 /* SBJsonStreamParserAdapter.h */,
				609C7D9515D202B500E70C67 /* SBJsonStreamParserAdapter.m */,
				609C7D9615D202B500E70C67 /* SBJsonStreamParserState.h */,
				609C7D9715D202B500E70C67 /* SBJsonStreamParserState.m */,
				609C7D9815D202B500E70C67 /* SBJsonStreamWriter.h */,
				609C7D9915D202B500E70C67 /* SBJsonStreamWriter.m */,
				609C7D9A15D202B500E70C67 /* SBJsonStreamWriterAccumulator.h */,
				609C7D9B15D202B500E70C67 /* SBJsonStreamWriterAccumulator.m */,
				609C7D9C15D202B500E70C67 /* SBJsonStreamWriterState.h */,
				609C7D9D15D202B500E70C67 /* SBJsonStreamWriterState.m */,
				609C7D9E15D202B500E70C67 /* SBJsonTokeniser.h */,
				609C7D9F15D202B500E70C67 /* SBJsonTokeniser.m */,
				609C7DA015D202B500E70C67 /* SBJsonUTF8Stream.h */,
				609C7DA115D202B500E70C67 /* SBJsonUTF8Stream.m */,
				609C7DA215D202B500E70C67 /* SBJsonWriter.h */,
				609C7DA315D202B500E70C67 /* SBJsonWriter.m */,
			);
			path = SBJson;
			sourceTree = "<group>";
		};
/* End PBXGroup section */

/* Begin PBXNativeTarget section */
		609C7D1F15D2016400E70C67 /* JisonThreeDemo */ = {
			isa = PBXNativeTarget;
			buildConfigurationList = 609C7D3E15D2016400E70C67 /* Build configuration list for PBXNativeTarget "JisonThreeDemo" */;
			buildPhases = (
				609C7D1C15D2016400E70C67 /* Sources */,
				609C7D1D15D2016400E70C67 /* Frameworks */,
				609C7D1E15D2016400E70C67 /* Resources */,
			);
			buildRules = (
			);
			dependencies = (
			);
			name = JisonThreeDemo;
			productName = JisonThreeDemo;
			productReference = 609C7D2015D2016400E70C67 /* JisonThreeDemo.app */;
			productType = "com.apple.product-type.application";
		};
/* End PBXNativeTarget section */

/* Begin PBXProject section */
		609C7D1715D2016400E70C67 /* Project object */ = {
			isa = PBXProject;
			attributes = {
				CLASSPREFIX = JSON;
				LastUpgradeCheck = 0430;
			};
			buildConfigurationList = 609C7D1A15D2016400E70C67 /* Build configuration list for PBXProject "JisonThreeDemo" */;
			compatibilityVersion = "Xcode 3.2";
			developmentRegion = English;
			hasScannedForEncodings = 0;
			knownRegions = (
				en,
			);
			mainGroup = 609C7D1515D2016400E70C67;
			productRefGroup = 609C7D2115D2016400E70C67 /* Products */;
			projectDirPath = "";
			projectRoot = "";
			targets = (
				609C7D1F15D2016400E70C67 /* JisonThreeDemo */,
			);
		};
/* End PBXProject section */

/* Begin PBXResourcesBuildPhase section */
		609C7D1E15D2016400E70C67 /* Resources */ = {
			isa = PBXResourcesBuildPhase;
			buildActionMask = 2147483647;
			files = (
				609C7D2F15D2016400E70C67 /* InfoPlist.strings in Resources */,
				609C7D3B15D2016400E70C67 /* JSONViewController.xib in Resources */,
			);
			runOnlyForDeploymentPostprocessing = 0;
		};
/* End PBXResourcesBuildPhase section */

/* Begin PBXSourcesBuildPhase section */
		609C7D1C15D2016400E70C67 /* Sources */ = {
			isa = PBXSourcesBuildPhase;
			buildActionMask = 2147483647;
			files = (
				609C7D3115D2016400E70C67 /* main.m in Sources */,
				609C7D3515D2016400E70C67 /* JSONAppDelegate.m in Sources */,
				609C7D3815D2016400E70C67 /* JSONViewController.m in Sources */,
				609C7D5A15D2025600E70C67 /* CDataScanner.m in Sources */,
				609C7D5B15D2025600E70C67 /* CFilteringJSONSerializer.m in Sources */,
				609C7D5C15D2025600E70C67 /* CJSONDeserializer_BlocksExtensions.m in Sources */,
				609C7D5D15D2025600E70C67 /* CJSONSerialization.m in Sources */,
				609C7D5E15D2025600E70C67 /* CJSONSerializedData.m in Sources */,
				609C7D5F15D2025600E70C67 /* CDataScanner_Extensions.m in Sources */,
				609C7D6015D2025600E70C67 /* NSDictionary_JSONExtensions.m in Sources */,
				609C7D6115D2025600E70C67 /* CJSONDeserializer.m in Sources */,
				609C7D6215D2025600E70C67 /* CJSONScanner.m in Sources */,
				609C7D6315D2025600E70C67 /* CJSONSerializer.m in Sources */,
				609C7DA415D202B500E70C67 /* NSObject+SBJson.m in Sources */,
				609C7DA515D202B500E70C67 /* SBJsonParser.m in Sources */,
				609C7DA615D202B500E70C67 /* SBJsonStreamParser.m in Sources */,
				609C7DA715D202B500E70C67 /* SBJsonStreamParserAccumulator.m in Sources */,
				609C7DA815D202B500E70C67 /* SBJsonStreamParserAdapter.m in Sources */,
				609C7DA915D202B500E70C67 /* SBJsonStreamParserState.m in Sources */,
				609C7DAA15D202B500E70C67 /* SBJsonStreamWriter.m in Sources */,
				609C7DAB15D202B500E70C67 /* SBJsonStreamWriterAccumulator.m in Sources */,
				609C7DAC15D202B500E70C67 /* SBJsonStreamWriterState.m in Sources */,
				609C7DAD15D202B500E70C67 /* SBJsonTokeniser.m in Sources */,
				609C7DAE15D202B500E70C67 /* SBJsonUTF8Stream.m in Sources */,
				609C7DAF15D202B500E70C67 /* SBJsonWriter.m in Sources */,
			);
			runOnlyForDeploymentPostprocessing = 0;
		};
/* End PBXSourcesBuildPhase section */

/* Begin PBXVariantGroup section */
		609C7D2D15D2016400E70C67 /* InfoPlist.strings */ = {
			isa = PBXVariantGroup;
			children = (
				609C7D2E15D2016400E70C67 /* en */,
			);
			name = InfoPlist.strings;
			sourceTree = "<group>";
		};
		609C7D3915D2016400E70C67 /* JSONViewController.xib */ = {
			isa = PBXVariantGroup;
			children = (
				609C7D3A15D2016400E70C67 /* en */,
			);
			name = JSONViewController.xib;
			sourceTree = "<group>";
		};
/* End PBXVariantGroup section */

/* Begin XCBuildConfiguration section */
		609C7D3C15D2016400E70C67 /* Debug */ = {
			isa = XCBuildConfiguration;
			buildSettings = {
				ALWAYS_SEARCH_USER_PATHS = NO;
				ARCHS = "$(ARCHS_STANDARD_32_BIT)";
				"CODE_SIGN_IDENTITY[sdk=iphoneos*]" = "iPhone Developer";
				COPY_PHASE_STRIP = NO;
				GCC_C_LANGUAGE_STANDARD = gnu99;
				GCC_DYNAMIC_NO_PIC = NO;
				GCC_OPTIMIZATION_LEVEL = 0;
				GCC_PREPROCESSOR_DEFINITIONS = (
					"DEBUG=1",
					"$(inherited)",
				);
				GCC_SYMBOLS_PRIVATE_EXTERN = NO;
				GCC_VERSION = com.apple.compilers.llvm.clang.1_0;
				GCC_WARN_ABOUT_RETURN_TYPE = YES;
				GCC_WARN_UNINITIALIZED_AUTOS = YES;
				GCC_WARN_UNUSED_VARIABLE = YES;
				IPHONEOS_DEPLOYMENT_TARGET = 5.1;
				SDKROOT = iphoneos;
			};
			name = Debug;
		};
		609C7D3D15D2016400E70C67 /* Release */ = {
			isa = XCBuildConfiguration;
			buildSettings = {
				ALWAYS_SEARCH_USER_PATHS = NO;
				ARCHS = "$(ARCHS_STANDARD_32_BIT)";
				"CODE_SIGN_IDENTITY[sdk=iphoneos*]" = "iPhone Developer";
				COPY_PHASE_STRIP = YES;
				GCC_C_LANGUAGE_STANDARD = gnu99;
				GCC_VERSION = com.apple.compilers.llvm.clang.1_0;
				GCC_WARN_ABOUT_RETURN_TYPE = YES;
				GCC_WARN_UNINITIALIZED_AUTOS = YES;
				GCC_WARN_UNUSED_VARIABLE = YES;
				IPHONEOS_DEPLOYMENT_TARGET = 5.1;
				OTHER_CFLAGS = "-DNS_BLOCK_ASSERTIONS=1";
				SDKROOT = iphoneos;
				VALIDATE_PRODUCT = YES;
			};
			name = Release;
		};
		609C7D3F15D2016400E70C67 /* Debug */ = {
			isa = XCBuildConfiguration;
			buildSettings = {
				GCC_PRECOMPILE_PREFIX_HEADER = YES;
				GCC_PREFIX_HEADER = "JisonThreeDemo/JisonThreeDemo-Prefix.pch";
				INFOPLIST_FILE = "JisonThreeDemo/JisonThreeDemo-Info.plist";
				PRODUCT_NAME = "$(TARGET_NAME)";
				WRAPPER_EXTENSION = app;
			};
			name = Debug;
		};
		609C7D4015D2016400E70C67 /* Release */ = {
			isa = XCBuildConfiguration;
			buildSettings = {
				GCC_PRECOMPILE_PREFIX_HEADER = YES;
				GCC_PREFIX_HEADER = "JisonThreeDemo/JisonThreeDemo-Prefix.pch";
				INFOPLIST_FILE = "JisonThreeDemo/JisonThreeDemo-Info.plist";
				PRODUCT_NAME = "$(TARGET_NAME)";
				WRAPPER_EXTENSION = app;
			};
			name = Release;
		};
/* End XCBuildConfiguration section */

/* Begin XCConfigurationList section */
		609C7D1A15D2016400E70C67 /* Build configuration list for PBXProject "JisonThreeDemo" */ = {
			isa = XCConfigurationList;
			buildConfigurations = (
				609C7D3C15D2016400E70C67 /* Debug */,
				609C7D3D15D2016400E70C67 /* Release */,
			);
			defaultConfigurationIsVisible = 0;
			defaultConfigurationName = Release;
		};
		609C7D3E15D2016400E70C67 /* Build configuration list for PBXNativeTarget "JisonThreeDemo" */ = {
			isa = XCConfigurationList;
			buildConfigurations = (
				609C7D3F15D2016400E70C67 /* Debug */,
				609C7D4015D2016400E70C67 /* Release */,
			);
			defaultConfigurationIsVisible = 0;
		};
/* End XCConfigurationList section */
	};
	rootObject = 609C7D1715D2016400E70C67 /* Project object */;
}
